
Microsoft Visual Studio Solution File, Format Version 11.00
# Visual Studio Version 17

Project("{8BC9CEB8-8B4A-11D0-8D11-00A0C91BC942}") = "NewProject - App", "NewProject_App.vcxproj", "{7DBABC12-B1ED-AB81-D9A1-565D0D5E9C24}"
EndProject
Global
	GlobalSection(SolutionConfigurationPlatforms) = preSolution
		Debug|x64 = Debug|x64
		Release|x64 = Release|x64
	EndGlobalSection
	GlobalSection(ProjectConfigurationPlatforms) = postSolution
		{7DBABC12-B1ED-AB81-D9A1-565D0D5E9C24}.Debug|x64.ActiveCfg = Debug|x64
		{7DBABC12-B1ED-AB81-D9A1-565D0D5E9C24}.Debug|x64.Build.0 = Debug|x64
		{7DBABC12-B1ED-AB81-D9A1-565D0D5E9C24}.Release|x64.ActiveCfg = Release|x64
		{7DBABC12-B1ED-AB81-D9A1-565D0D5E9C24}.Release|x64.Build.0 = Release|x64
	EndGlobalSection
	GlobalSection(SolutionProperties) = preSolution
		HideSolutionNode = FALSE
	EndGlobalSection
EndGlobal
